
Microsoft Visual Studio Solution File, Format Version 12.00
# Visual Studio 15
Project("{FAE04EC0-301F-11D3-BF4B-00C04F79EFBC}") = "UniHumanoid", "UniHumanoid.csproj", "{FC34A55F-1777-25E5-9A6C-701A0EC78FEC}"
EndProject
Project("{FAE04EC0-301F-11D3-BF4B-00C04F79EFBC}") = "SpringBoneJobs", "SpringBoneJobs.csproj", "{48F3BF7B-BE13-EE2C-12F2-E320596E7918}"
EndProject
Project("{FAE04EC0-301F-11D3-BF4B-00C04F79EFBC}") = "UniGLTF.Editor", "UniGLTF.Editor.csproj", "{4BA636A7-3C58-F280-EBD4-C5903CE603F4}"
EndProject
Project("{FAE04EC0-301F-11D3-BF4B-00C04F79EFBC}") = "UniGLTF", "UniGLTF.csproj", "{D9CD2990-1F7C-64B5-4DA8-B14D29BF04EE}"
EndProject
Project("{FAE04EC0-301F-11D3-BF4B-00C04F79EFBC}") = "VRM", "VRM.csproj", "{7394BD39-2E92-98A3-493F-6737DD006446}"
EndProject
Project("{FAE04EC0-301F-11D3-BF4B-00C04F79EFBC}") = "UniGLTF.Tests", "UniGLTF.Tests.csproj", "{C077920F-EE60-C44D-30D7-2BA0ACA1480B}"
EndProject
Project("{FAE04EC0-301F-11D3-BF4B-00C04F79EFBC}") = "MToon", "MToon.csproj", "{ED3FF4C2-E5A6-FDE9-C8D7-5CD9C8DA44DC}"
EndProject
Project("{FAE04EC0-301F-11D3-BF4B-00C04F79EFBC}") = "UniVRM.Editor", "UniVRM.Editor.csproj", "{0F0CB3FC-B6CF-7A0D-C5B1-98E64FA4D851}"
EndProject
Project("{FAE04EC0-301F-11D3-BF4B-00C04F79EFBC}") = "VRM.Tests", "VRM.Tests.csproj", "{726EB105-873E-1F90-528F-7574A741CF5D}"
EndProject
Project("{FAE04EC0-301F-11D3-BF4B-00C04F79EFBC}") = "MToon.Editor", "MToon.Editor.csproj", "{D65703BA-ABF5-85CF-1C8B-DCDEB3134011}"
EndProject
Project("{FAE04EC0-301F-11D3-BF4B-00C04F79EFBC}") = "UniHumanoid.Editor", "UniHumanoid.Editor.csproj", "{CDC63032-525F-36FA-3220-741513949296}"
EndProject
Project("{FAE04EC0-301F-11D3-BF4B-00C04F79EFBC}") = "VRM.Samples.Editor.Tests", "VRM.Samples.Editor.Tests.csproj", "{ECC38918-EA15-1D5A-71EB-E8B4DD71BDD6}"
EndProject
Project("{FAE04EC0-301F-11D3-BF4B-00C04F79EFBC}") = "UniGLTF.UniUnlit", "UniGLTF.UniUnlit.csproj", "{DDABF7CE-DFF7-1AB3-FEE3-5F63AFF30903}"
EndProject
Project("{FAE04EC0-301F-11D3-BF4B-00C04F79EFBC}") = "UniHumanoid.Editor.Tests", "UniHumanoid.Editor.Tests.csproj", "{A08C575B-441B-6683-CAFF-1408FAC8D1FF}"
EndProject
Project("{FAE04EC0-301F-11D3-BF4B-00C04F79EFBC}") = "UniGLTF.UniUnlit.Editor", "UniGLTF.UniUnlit.Editor.csproj", "{46BCA53D-3874-E9F6-81B7-8EBCBE858C3D}"
EndProject
Project("{FAE04EC0-301F-11D3-BF4B-00C04F79EFBC}") = "UniGLTF.Utils", "UniGLTF.Utils.csproj", "{8F3577C0-622C-5D89-4868-6637F3955074}"
EndProject
Project("{FAE04EC0-301F-11D3-BF4B-00C04F79EFBC}") = "Assembly-CSharp", "Assembly-CSharp.csproj", "{858C28F2-1B8C-9FF8-BF09-4B58E2AD881A}"
EndProject
Global
	GlobalSection(SolutionConfigurationPlatforms) = preSolution
		Debug|Any CPU = Debug|Any CPU
		Release|Any CPU = Release|Any CPU
	EndGlobalSection
	GlobalSection(ProjectConfigurationPlatforms) = postSolution
		{FC34A55F-1777-25E5-9A6C-701A0EC78FEC}.Debug|Any CPU.ActiveCfg = Debug|Any CPU
		{FC34A55F-1777-25E5-9A6C-701A0EC78FEC}.Debug|Any CPU.Build.0 = Debug|Any CPU
		{FC34A55F-1777-25E5-9A6C-701A0EC78FEC}.Release|Any CPU.ActiveCfg = Release|Any CPU
		{FC34A55F-1777-25E5-9A6C-701A0EC78FEC}.Release|Any CPU.Build.0 = Release|Any CPU
		{48F3BF7B-BE13-EE2C-12F2-E320596E7918}.Debug|Any CPU.ActiveCfg = Debug|Any CPU
		{48F3BF7B-BE13-EE2C-12F2-E320596E7918}.Debug|Any CPU.Build.0 = Debug|Any CPU
		{48F3BF7B-BE13-EE2C-12F2-E320596E7918}.Release|Any CPU.ActiveCfg = Release|Any CPU
		{48F3BF7B-BE13-EE2C-12F2-E320596E7918}.Release|Any CPU.Build.0 = Release|Any CPU
		{4BA636A7-3C58-F280-EBD4-C5903CE603F4}.Debug|Any CPU.ActiveCfg = Debug|Any CPU
		{4BA636A7-3C58-F280-EBD4-C5903CE603F4}.Debug|Any CPU.Build.0 = Debug|Any CPU
		{4BA636A7-3C58-F280-EBD4-C5903CE603F4}.Release|Any CPU.ActiveCfg = Release|Any CPU
		{4BA636A7-3C58-F280-EBD4-C5903CE603F4}.Release|Any CPU.Build.0 = Release|Any CPU
		{D9CD2990-1F7C-64B5-4DA8-B14D29BF04EE}.Debug|Any CPU.ActiveCfg = Debug|Any CPU
		{D9CD2990-1F7C-64B5-4DA8-B14D29BF04EE}.Debug|Any CPU.Build.0 = Debug|Any CPU
		{D9CD2990-1F7C-64B5-4DA8-B14D29BF04EE}.Release|Any CPU.ActiveCfg = Release|Any CPU
		{D9CD2990-1F7C-64B5-4DA8-B14D29BF04EE}.Release|Any CPU.Build.0 = Release|Any CPU
		{7394BD39-2E92-98A3-493F-6737DD006446}.Debug|Any CPU.ActiveCfg = Debug|Any CPU
		{7394BD39-2E92-98A3-493F-6737DD006446}.Debug|Any CPU.Build.0 = Debug|Any CPU
		{7394BD39-2E92-98A3-493F-6737DD006446}.Release|Any CPU.ActiveCfg = Release|Any CPU
		{7394BD39-2E92-98A3-493F-6737DD006446}.Release|Any CPU.Build.0 = Release|Any CPU
		{C077920F-EE60-C44D-30D7-2BA0ACA1480B}.Debug|Any CPU.ActiveCfg = Debug|Any CPU
		{C077920F-EE60-C44D-30D7-2BA0ACA1480B}.Debug|Any CPU.Build.0 = Debug|Any CPU
		{C077920F-EE60-C44D-30D7-2BA0ACA1480B}.Release|Any CPU.ActiveCfg = Release|Any CPU
		{C077920F-EE60-C44D-30D7-2BA0ACA1480B}.Release|Any CPU.Build.0 = Release|Any CPU
		{ED3FF4C2-E5A6-FDE9-C8D7-5CD9C8DA44DC}.Debug|Any CPU.ActiveCfg = Debug|Any CPU
		{ED3FF4C2-E5A6-FDE9-C8D7-5CD9C8DA44DC}.Debug|Any CPU.Build.0 = Debug|Any CPU
		{ED3FF4C2-E5A6-FDE9-C8D7-5CD9C8DA44DC}.Release|Any CPU.ActiveCfg = Release|Any CPU
		{ED3FF4C2-E5A6-FDE9-C8D7-5CD9C8DA44DC}.Release|Any CPU.Build.0 = Release|Any CPU
		{0F0CB3FC-B6CF-7A0D-C5B1-98E64FA4D851}.Debug|Any CPU.ActiveCfg = Debug|Any CPU
		{0F0CB3FC-B6CF-7A0D-C5B1-98E64FA4D851}.Debug|Any CPU.Build.0 = Debug|Any CPU
		{0F0CB3FC-B6CF-7A0D-C5B1-98E64FA4D851}.Release|Any CPU.ActiveCfg = Release|Any CPU
		{0F0CB3FC-B6CF-7A0D-C5B1-98E64FA4D851}.Release|Any CPU.Build.0 = Release|Any CPU
		{726EB105-873E-1F90-528F-7574A741CF5D}.Debug|Any CPU.ActiveCfg = Debug|Any CPU
		{726EB105-873E-1F90-528F-7574A741CF5D}.Debug|Any CPU.Build.0 = Debug|Any CPU
		{726EB105-873E-1F90-528F-7574A741CF5D}.Release|Any CPU.ActiveCfg = Release|Any CPU
		{726EB105-873E-1F90-528F-7574A741CF5D}.Release|Any CPU.Build.0 = Release|Any CPU
		{D65703BA-ABF5-85CF-1C8B-DCDEB3134011}.Debug|Any CPU.ActiveCfg = Debug|Any CPU
		{D65703BA-ABF5-85CF-1C8B-DCDEB3134011}.Debug|Any CPU.Build.0 = Debug|Any CPU
		{D65703BA-ABF5-85CF-1C8B-DCDEB3134011}.Release|Any CPU.ActiveCfg = Release|Any CPU
		{D65703BA-ABF5-85CF-1C8B-DCDEB3134011}.Release|Any CPU.Build.0 = Release|Any CPU
		{CDC63032-525F-36FA-3220-741513949296}.Debug|Any CPU.ActiveCfg = Debug|Any CPU
		{CDC63032-525F-36FA-3220-741513949296}.Debug|Any CPU.Build.0 = Debug|Any CPU
		{CDC63032-525F-36FA-3220-741513949296}.Release|Any CPU.ActiveCfg = Release|Any CPU
		{CDC63032-525F-36FA-3220-741513949296}.Release|Any CPU.Build.0 = Release|Any CPU
		{ECC38918-EA15-1D5A-71EB-E8B4DD71BDD6}.Debug|Any CPU.ActiveCfg = Debug|Any CPU
		{ECC38918-EA15-1D5A-71EB-E8B4DD71BDD6}.Debug|Any CPU.Build.0 = Debug|Any CPU
		{ECC38918-EA15-1D5A-71EB-E8B4DD71BDD6}.Release|Any CPU.ActiveCfg = Release|Any CPU
		{ECC38918-EA15-1D5A-71EB-E8B4DD71BDD6}.Release|Any CPU.Build.0 = Release|Any CPU
		{DDABF7CE-DFF7-1AB3-FEE3-5F63AFF30903}.Debug|Any CPU.ActiveCfg = Debug|Any CPU
		{DDABF7CE-DFF7-1AB3-FEE3-5F63AFF30903}.Debug|Any CPU.Build.0 = Debug|Any CPU
		{DDABF7CE-DFF7-1AB3-FEE3-5F63AFF30903}.Release|Any CPU.ActiveCfg = Release|Any CPU
		{DDABF7CE-DFF7-1AB3-FEE3-5F63AFF30903}.Release|Any CPU.Build.0 = Release|Any CPU
		{A08C575B-441B-6683-CAFF-1408FAC8D1FF}.Debug|Any CPU.ActiveCfg = Debug|Any CPU
		{A08C575B-441B-6683-CAFF-1408FAC8D1FF}.Debug|Any CPU.Build.0 = Debug|Any CPU
		{A08C575B-441B-6683-CAFF-1408FAC8D1FF}.Release|Any CPU.ActiveCfg = Release|Any CPU
		{A08C575B-441B-6683-CAFF-1408FAC8D1FF}.Release|Any CPU.Build.0 = Release|Any CPU
		{46BCA53D-3874-E9F6-81B7-8EBCBE858C3D}.Debug|Any CPU.ActiveCfg = Debug|Any CPU
		{46BCA53D-3874-E9F6-81B7-8EBCBE858C3D}.Debug|Any CPU.Build.0 = Debug|Any CPU
		{46BCA53D-3874-E9F6-81B7-8EBCBE858C3D}.Release|Any CPU.ActiveCfg = Release|Any CPU
		{46BCA53D-3874-E9F6-81B7-8EBCBE858C3D}.Release|Any CPU.Build.0 = Release|Any CPU
		{8F3577C0-622C-5D89-4868-6637F3955074}.Debug|Any CPU.ActiveCfg = Debug|Any CPU
		{8F3577C0-622C-5D89-4868-6637F3955074}.Debug|Any CPU.Build.0 = Debug|Any CPU
		{8F3577C0-622C-5D89-4868-6637F3955074}.Release|Any CPU.ActiveCfg = Release|Any CPU
		{8F3577C0-622C-5D89-4868-6637F3955074}.Release|Any CPU.Build.0 = Release|Any CPU
		{858C28F2-1B8C-9FF8-BF09-4B58E2AD881A}.Debug|Any CPU.ActiveCfg = Debug|Any CPU
		{858C28F2-1B8C-9FF8-BF09-4B58E2AD881A}.Debug|Any CPU.Build.0 = Debug|Any CPU
		{858C28F2-1B8C-9FF8-BF09-4B58E2AD881A}.Release|Any CPU.ActiveCfg = Release|Any CPU
		{858C28F2-1B8C-9FF8-BF09-4B58E2AD881A}.Release|Any CPU.Build.0 = Release|Any CPU
	EndGlobalSection
	GlobalSection(SolutionProperties) = preSolution
		HideSolutionNode = FALSE
	EndGlobalSection
EndGlobal
